// !$*UTF8*$!
{
	archiveVersion = 1;
	classes = {
	};
	objectVersion = 45;
	objects = {

/* Begin PBXBuildFile section */
		1DDD58160DA1D0A300B32029 /* MainMenu.xib in Resources */ = {isa = PBXBuildFile; fileRef = 1DDD58140DA1D0A300B32029 /* MainMenu.xib */; };
		6E767E230DE1D17500C9F656 /* QuartzCore.framework in Frameworks */ = {isa = PBXBuildFile; fileRef = 6E767E220DE1D17500C9F656 /* QuartzCore.framework */; };
		6E767E280DE1D19900C9F656 /* MyView.m in Sources */ = {isa = PBXBuildFile; fileRef = 6E767E270DE1D19900C9F656 /* MyView.m */; };
		6E767E7C0DE1E26000C9F656 /* TiledDelegate.m in Sources */ = {isa = PBXBuildFile; fileRef = 6E767E7B0DE1E26000C9F656 /* TiledDelegate.m */; };
		6EA21FDF0E0D36D300835B4F /* 0x0y.png in Resources */ = {isa = PBXBuildFile; fileRef = 6EA21FC70E0D36D300835B4F /* 0x0y.png */; };
		6EA21FE00E0D36D300835B4F /* 0x1094y.png in Resources */ = {isa = PBXBuildFile; fileRef = 6EA21FC80E0D36D300835B4F /* 0x1094y.png */; };
		6EA21FE10E0D36D300835B4F /* 0x2188y.png in Resources */ = {isa = PBXBuildFile; fileRef = 6EA21FC90E0D36D300835B4F /* 0x2188y.png */; };
		6EA21FE20E0D36D300835B4F /* 0x3282y.png in Resources */ = {isa = PBXBuildFile; fileRef = 6EA21FCA0E0D36D300835B4F /* 0x3282y.png */; };
		6EA21FE30E0D36D300835B4F /* 1527x0y.png in Resources */ = {isa = PBXBuildFile; fileRef = 6EA21FCB0E0D36D300835B4F /* 1527x0y.png */; };
		6EA21FE40E0D36D300835B4F /* 1527x1094y.png in Resources */ = {isa = PBXBuildFile; fileRef = 6EA21FCC0E0D36D300835B4F /* 1527x1094y.png */; };
		6EA21FE50E0D36D300835B4F /* 1527x2188y.png in Resources */ = {isa = PBXBuildFile; fileRef = 6EA21FCD0E0D36D300835B4F /* 1527x2188y.png */; };
		6EA21FE60E0D36D300835B4F /* 1527x3282y.png in Resources */ = {isa = PBXBuildFile; fileRef = 6EA21FCE0E0D36D300835B4F /* 1527x3282y.png */; };
		6EA21FE70E0D36D300835B4F /* 3054x0y.png in Resources */ = {isa = PBXBuildFile; fileRef = 6EA21FCF0E0D36D300835B4F /* 3054x0y.png */; };
		6EA21FE80E0D36D300835B4F /* 3054x1094y.png in Resources */ = {isa = PBXBuildFile; fileRef = 6EA21FD00E0D36D300835B4F /* 3054x1094y.png */; };
		6EA21FE90E0D36D300835B4F /* 3054x2188y.png in Resources */ = {isa = PBXBuildFile; fileRef = 6EA21FD10E0D36D300835B4F /* 3054x2188y.png */; };
		6EA21FEA0E0D36D300835B4F /* 3054x3282y.png in Resources */ = {isa = PBXBuildFile; fileRef = 6EA21FD20E0D36D300835B4F /* 3054x3282y.png */; };
		6EA21FEB0E0D36D300835B4F /* 4581x0y.png in Resources */ = {isa = PBXBuildFile; fileRef = 6EA21FD30E0D36D300835B4F /* 4581x0y.png */; };
		6EA21FEC0E0D36D300835B4F /* 4581x1094y.png in Resources */ = {isa = PBXBuildFile; fileRef = 6EA21FD40E0D36D300835B4F /* 4581x1094y.png */; };
		6EA21FED0E0D36D300835B4F /* 4581x2188y.png in Resources */ = {isa = PBXBuildFile; fileRef = 6EA21FD50E0D36D300835B4F /* 4581x2188y.png */; };
		6EA21FEE0E0D36D300835B4F /* 4581x3282y.png in Resources */ = {isa = PBXBuildFile; fileRef = 6EA21FD60E0D36D300835B4F /* 4581x3282y.png */; };
		6EA21FEF0E0D36D300835B4F /* 6108x0y.png in Resources */ = {isa = PBXBuildFile; fileRef = 6EA21FD70E0D36D300835B4F /* 6108x0y.png */; };
		6EA21FF00E0D36D300835B4F /* 6108x1094y.png in Resources */ = {isa = PBXBuildFile; fileRef = 6EA21FD80E0D36D300835B4F /* 6108x1094y.png */; };
		6EA21FF10E0D36D300835B4F /* 6108x2188y.png in Resources */ = {isa = PBXBuildFile; fileRef = 6EA21FD90E0D36D300835B4F /* 6108x2188y.png */; };
		6EA21FF20E0D36D300835B4F /* 6108x3282y.png in Resources */ = {isa = PBXBuildFile; fileRef = 6EA21FDA0E0D36D300835B4F /* 6108x3282y.png */; };
		6EA21FF30E0D36D300835B4F /* 7635x0y.png in Resources */ = {isa = PBXBuildFile; fileRef = 6EA21FDB0E0D36D300835B4F /* 7635x0y.png */; };
		6EA21FF40E0D36D300835B4F /* 7635x1094y.png in Resources */ = {isa = PBXBuildFile; fileRef = 6EA21FDC0E0D36D300835B4F /* 7635x1094y.png */; };
		6EA21FF50E0D36D300835B4F /* 7635x2188y.png in Resources */ = {isa = PBXBuildFile; fileRef = 6EA21FDD0E0D36D300835B4F /* 7635x2188y.png */; };
		6EA21FF60E0D36D300835B4F /* 7635x3282y.png in Resources */ = {isa = PBXBuildFile; fileRef = 6EA21FDE0E0D36D300835B4F /* 7635x3282y.png */; };
		8D11072B0486CEB800E47090 /* InfoPlist.strings in Resources */ = {isa = PBXBuildFile; fileRef = 089C165CFE840E0CC02AAC07 /* InfoPlist.strings */; };
		8D11072D0486CEB800E47090 /* main.m in Sources */ = {isa = PBXBuildFile; fileRef = 29B97316FDCFA39411CA2CEA /* main.m */; settings = {ATTRIBUTES = (); }; };
		8D11072F0486CEB800E47090 /* Cocoa.framework in Frameworks */ = {isa = PBXBuildFile; fileRef = 1058C7A1FEA54F0111CA2CBB /* Cocoa.framework */; };
/* End PBXBuildFile section */

/* Begin PBXFileReference section */
		089C165DFE840E0CC02AAC07 /* English */ = {isa = PBXFileReference; fileEncoding = 10; lastKnownFileType = text.plist.strings; name = English; path = English.lproj/InfoPlist.strings; sourceTree = "<group>"; };
		1058C7A1FEA54F0111CA2CBB /* Cocoa.framework */ = {isa = PBXFileReference; lastKnownFileType = wrapper.framework; name = Cocoa.framework; path = /System/Library/Frameworks/Cocoa.framework; sourceTree = "<absolute>"; };
		13E42FB307B3F0F600E4EEF1 /* CoreData.framework */ = {isa = PBXFileReference; lastKnownFileType = wrapper.framework; name = CoreData.framework; path = /System/Library/Frameworks/CoreData.framework; sourceTree = "<absolute>"; };
		1DDD58150DA1D0A300B32029 /* English */ = {isa = PBXFileReference; lastKnownFileType = file.xib; name = English; path = English.lproj/MainMenu.xib; sourceTree = "<group>"; };
		29B97316FDCFA39411CA2CEA /* main.m */ = {isa = PBXFileReference; fileEncoding = 4; lastKnownFileType = sourcecode.c.objc; path = main.m; sourceTree = "<group>"; };
		29B97324FDCFA39411CA2CEA /* AppKit.framework */ = {isa = PBXFileReference; lastKnownFileType = wrapper.framework; name = AppKit.framework; path = /System/Library/Frameworks/AppKit.framework; sourceTree = "<absolute>"; };
		29B97325FDCFA39411CA2CEA /* Foundation.framework */ = {isa = PBXFileReference; lastKnownFileType = wrapper.framework; name = Foundation.framework; path = /System/Library/Frameworks/Foundation.framework; sourceTree = "<absolute>"; };
		32CA4F630368D1EE00C91783 /* TiledLayer_Prefix.pch */ = {isa = PBXFileReference; fileEncoding = 4; lastKnownFileType = sourcecode.c.h; path = TiledLayer_Prefix.pch; sourceTree = "<group>"; };
		6E767E220DE1D17500C9F656 /* QuartzCore.framework */ = {isa = PBXFileReference; lastKnownFileType = wrapper.framework; name = QuartzCore.framework; path = System/Library/Frameworks/QuartzCore.framework; sourceTree = SDKROOT; };
		6E767E260DE1D19900C9F656 /* MyView.h */ = {isa = PBXFileReference; fileEncoding = 4; lastKnownFileType = sourcecode.c.h; path = MyView.h; sourceTree = "<group>"; };
		6E767E270DE1D19900C9F656 /* MyView.m */ = {isa = PBXFileReference; fileEncoding = 4; lastKnownFileType = sourcecode.c.objc; path = MyView.m; sourceTree = "<group>"; };
		6E767E7A0DE1E26000C9F656 /* TiledDelegate.h */ = {isa = PBXFileReference; fileEncoding = 4; lastKnownFileType = sourcecode.c.h; path = TiledDelegate.h; sourceTree = "<group>"; };
		6E767E7B0DE1E26000C9F656 /* TiledDelegate.m */ = {isa = PBXFileReference; fileEncoding = 4; lastKnownFileType = sourcecode.c.objc; path = TiledDelegate.m; sourceTree = "<group>"; };
		6EA21FC70E0D36D300835B4F /* 0x0y.png */ = {isa = PBXFileReference; lastKnownFileType = image.png; path = 0x0y.png; sourceTree = "<group>"; };
		6EA21FC80E0D36D300835B4F /* 0x1094y.png */ = {isa = PBXFileReference; lastKnownFileType = image.png; path = 0x1094y.png; sourceTree = "<group>"; };
		6EA21FC90E0D36D300835B4F /* 0x2188y.png */ = {isa = PBXFileReference; lastKnownFileType = image.png; path = 0x2188y.png; sourceTree = "<group>"; };
		6EA21FCA0E0D36D300835B4F /* 0x3282y.png */ = {isa = PBXFileReference; lastKnownFileType = image.png; path = 0x3282y.png; sourceTree = "<group>"; };
		6EA21FCB0E0D36D300835B4F /* 1527x0y.png */ = {isa = PBXFileReference; lastKnownFileType = image.png; path = 1527x0y.png; sourceTree = "<group>"; };
		6EA21FCC0E0D36D300835B4F /* 1527x1094y.png */ = {isa = PBXFileReference; lastKnownFileType = image.png; path = 1527x1094y.png; sourceTree = "<group>"; };
		6EA21FCD0E0D36D300835B4F /* 1527x2188y.png */ = {isa = PBXFileReference; lastKnownFileType = image.png; path = 1527x2188y.png; sourceTree = "<group>"; };
		6EA21FCE0E0D36D300835B4F /* 1527x3282y.png */ = {isa = PBXFileReference; lastKnownFileType = image.png; path = 1527x3282y.png; sourceTree = "<group>"; };
		6EA21FCF0E0D36D300835B4F /* 3054x0y.png */ = {isa = PBXFileReference; lastKnownFileType = image.png; path = 3054x0y.png; sourceTree = "<group>"; };
		6EA21FD00E0D36D300835B4F /* 3054x1094y.png */ = {isa = PBXFileReference; lastKnownFileType = image.png; path = 3054x1094y.png; sourceTree = "<group>"; };
		6EA21FD10E0D36D300835B4F /* 3054x2188y.png */ = {isa = PBXFileReference; lastKnownFileType = image.png; path = 3054x2188y.png; sourceTree = "<group>"; };
		6EA21FD20E0D36D300835B4F /* 3054x3282y.png */ = {isa = PBXFileReference; lastKnownFileType = image.png; path = 3054x3282y.png; sourceTree = "<group>"; };
		6EA21FD30E0D36D300835B4F /* 4581x0y.png */ = {isa = PBXFileReference; lastKnownFileType = image.png; path = 4581x0y.png; sourceTree = "<group>"; };
		6EA21FD40E0D36D300835B4F /* 4581x1094y.png */ = {isa = PBXFileReference; lastKnownFileType = image.png; path = 4581x1094y.png; sourceTree = "<group>"; };
		6EA21FD50E0D36D300835B4F /* 4581x2188y.png */ = {isa = PBXFileReference; lastKnownFileType = image.png; path = 4581x2188y.png; sourceTree = "<group>"; };
		6EA21FD60E0D36D300835B4F /* 4581x3282y.png */ = {isa = PBXFileReference; lastKnownFileType = image.png; path = 4581x3282y.png; sourceTree = "<group>"; };
		6EA21FD70E0D36D300835B4F /* 6108x0y.png */ = {isa = PBXFileReference; lastKnownFileType = image.png; path = 6108x0y.png; sourceTree = "<group>"; };
		6EA21FD80E0D36D300835B4F /* 6108x1094y.png */ = {isa = PBXFileReference; lastKnownFileType = image.png; path = 6108x1094y.png; sourceTree = "<group>"; };
		6EA21FD90E0D36D300835B4F /* 6108x2188y.png */ = {isa = PBXFileReference; lastKnownFileType = image.png; path = 6108x2188y.png; sourceTree = "<group>"; };
		6EA21FDA0E0D36D300835B4F /* 6108x3282y.png */ = {isa = PBXFileReference; lastKnownFileType = image.png; path = 6108x3282y.png; sourceTree = "<group>"; };
		6EA21FDB0E0D36D300835B4F /* 7635x0y.png */ = {isa = PBXFileReference; lastKnownFileType = image.png; path = 7635x0y.png; sourceTree = "<group>"; };
		6EA21FDC0E0D36D300835B4F /* 7635x1094y.png */ = {isa = PBXFileReference; lastKnownFileType = image.png; path = 7635x1094y.png; sourceTree = "<group>"; };
		6EA21FDD0E0D36D300835B4F /* 7635x2188y.png */ = {isa = PBXFileReference; lastKnownFileType = image.png; path = 7635x2188y.png; sourceTree = "<group>"; };
		6EA21FDE0E0D36D300835B4F /* 7635x3282y.png */ = {isa = PBXFileReference; lastKnownFileType = image.png; path = 7635x3282y.png; sourceTree = "<group>"; };
		8D1107310486CEB800E47090 /* Info.plist */ = {isa = PBXFileReference; fileEncoding = 4; lastKnownFileType = text.plist.xml; path = Info.plist; sourceTree = "<group>"; };
		8D1107320486CEB800E47090 /* TiledLayer.app */ = {isa = PBXFileReference; explicitFileType = wrapper.application; includeInIndex = 0; path = TiledLayer.app; sourceTree = BUILT_PRODUCTS_DIR; };
/* End PBXFileReference section */

/* Begin PBXFrameworksBuildPhase section */
		8D11072E0486CEB800E47090 /* Frameworks */ = {
			isa = PBXFrameworksBuildPhase;
			buildActionMask = 2147483647;
			files = (
				8D11072F0486CEB800E47090 /* Cocoa.framework in Frameworks */,
				6E767E230DE1D17500C9F656 /* QuartzCore.framework in Frameworks */,
			);
			runOnlyForDeploymentPostprocessing = 0;
		};
/* End PBXFrameworksBuildPhase section */

/* Begin PBXGroup section */
		080E96DDFE201D6D7F000001 /* Classes */ = {
			isa = PBXGroup;
			children = (
				6E767E260DE1D19900C9F656 /* MyView.h */,
				6E767E270DE1D19900C9F656 /* MyView.m */,
				6E767E7A0DE1E26000C9F656 /* TiledDelegate.h */,
				6E767E7B0DE1E26000C9F656 /* TiledDelegate.m */,
			);
			name = Classes;
			sourceTree = "<group>";
		};
		1058C7A0FEA54F0111CA2CBB /* Linked Frameworks */ = {
			isa = PBXGroup;
			children = (
				6E767E220DE1D17500C9F656 /* QuartzCore.framework */,
				1058C7A1FEA54F0111CA2CBB /* Cocoa.framework */,
			);
			name = "Linked Frameworks";
			sourceTree = "<group>";
		};
		1058C7A2FEA54F0111CA2CBB /* Other Frameworks */ = {
			isa = PBXGroup;
			children = (
				29B97324FDCFA39411CA2CEA /* AppKit.framework */,
				13E42FB307B3F0F600E4EEF1 /* CoreData.framework */,
				29B97325FDCFA39411CA2CEA /* Foundation.framework */,
			);
			name = "Other Frameworks";
			sourceTree = "<group>";
		};
		19C28FACFE9D520D11CA2CBB /* Products */ = {
			isa = PBXGroup;
			children = (
				8D1107320486CEB800E47090 /* TiledLayer.app */,
			);
			name = Products;
			sourceTree = "<group>";
		};
		29B97314FDCFA39411CA2CEA /* TiledLayer */ = {
			isa = PBXGroup;
			children = (
				080E96DDFE201D6D7F000001 /* Classes */,
				29B97315FDCFA39411CA2CEA /* Other Sources */,
				29B97317FDCFA39411CA2CEA /* Resources */,
				29B97323FDCFA39411CA2CEA /* Frameworks */,
				19C28FACFE9D520D11CA2CBB /* Products */,
			);
			name = TiledLayer;
			sourceTree = "<group>";
		};
		29B97315FDCFA39411CA2CEA /* Other Sources */ = {
			isa = PBXGroup;
			children = (
				32CA4F630368D1EE00C91783 /* TiledLayer_Prefix.pch */,
				29B97316FDCFA39411CA2CEA /* main.m */,
			);
			name = "Other Sources";
			sourceTree = "<group>";
		};
		29B97317FDCFA39411CA2CEA /* Resources */ = {
			isa = PBXGroup;
			children = (
				6ED1DBF20DED9DC700AB2C93 /* Images */,
				8D1107310486CEB800E47090 /* Info.plist */,
				089C165CFE840E0CC02AAC07 /* InfoPlist.strings */,
				1DDD58140DA1D0A300B32029 /* MainMenu.xib */,
			);
			name = Resources;
			sourceTree = "<group>";
		};
		29B97323FDCFA39411CA2CEA /* Frameworks */ = {
			isa = PBXGroup;
			children = (
				1058C7A0FEA54F0111CA2CBB /* Linked Frameworks */,
				1058C7A2FEA54F0111CA2CBB /* Other Frameworks */,
			);
			name = Frameworks;
			sourceTree = "<group>";
		};
		6EA21FC00E0D36B000835B4F /* slices */ = {
			isa = PBXGroup;
			children = (
				6EA21FC70E0D36D300835B4F /* 0x0y.png */,
				6EA21FC80E0D36D300835B4F /* 0x1094y.png */,
				6EA21FC90E0D36D300835B4F /* 0x2188y.png */,
				6EA21FCA0E0D36D300835B4F /* 0x3282y.png */,
				6EA21FCB0E0D36D300835B4F /* 1527x0y.png */,
				6EA21FCC0E0D36D300835B4F /* 1527x1094y.png */,
				6EA21FCD0E0D36D300835B4F /* 1527x2188y.png */,
				6EA21FCE0E0D36D300835B4F /* 1527x3282y.png */,
				6EA21FCF0E0D36D300835B4F /* 3054x0y.png */,
				6EA21FD00E0D36D300835B4F /* 3054x1094y.png */,
				6EA21FD10E0D36D300835B4F /* 3054x2188y.png */,
				6EA21FD20E0D36D300835B4F /* 3054x3282y.png */,
				6EA21FD30E0D36D300835B4F /* 4581x0y.png */,
				6EA21FD40E0D36D300835B4F /* 4581x1094y.png */,
				6EA21FD50E0D36D300835B4F /* 4581x2188y.png */,
				6EA21FD60E0D36D300835B4F /* 4581x3282y.png */,
				6EA21FD70E0D36D300835B4F /* 6108x0y.png */,
				6EA21FD80E0D36D300835B4F /* 6108x1094y.png */,
				6EA21FD90E0D36D300835B4F /* 6108x2188y.png */,
				6EA21FDA0E0D36D300835B4F /* 6108x3282y.png */,
				6EA21FDB0E0D36D300835B4F /* 7635x0y.png */,
				6EA21FDC0E0D36D300835B4F /* 7635x1094y.png */,
				6EA21FDD0E0D36D300835B4F /* 7635x2188y.png */,
				6EA21FDE0E0D36D300835B4F /* 7635x3282y.png */,
			);
			path = slices;
			sourceTree = "<group>";
		};
		6ED1DBF20DED9DC700AB2C93 /* Images */ = {
			isa = PBXGroup;
			children = (
				6EA21FC00E0D36B000835B4F /* slices */,
			);
			path = Images;
			sourceTree = "<group>";
		};
/* End PBXGroup section */

/* Begin PBXNativeTarget section */
		8D1107260486CEB800E47090 /* TiledLayer */ = {
			isa = PBXNativeTarget;
			buildConfigurationList = C01FCF4A08A954540054247B /* Build configuration list for PBXNativeTarget "TiledLayer" */;
			buildPhases = (
				8D1107290486CEB800E47090 /* Resources */,
				8D11072C0486CEB800E47090 /* Sources */,
				8D11072E0486CEB800E47090 /* Frameworks */,
			);
			buildRules = (
			);
			dependencies = (
			);
			name = TiledLayer;
			productInstallPath = "$(HOME)/Applications";
			productName = TiledLayer;
			productReference = 8D1107320486CEB800E47090 /* TiledLayer.app */;
			productType = "com.apple.product-type.application";
		};
/* End PBXNativeTarget section */

/* Begin PBXProject section */
		29B97313FDCFA39411CA2CEA /* Project object */ = {
			isa = PBXProject;
			buildConfigurationList = C01FCF4E08A954540054247B /* Build configuration list for PBXProject "TiledLayer" */;
			compatibilityVersion = "Xcode 3.1";
			hasScannedForEncodings = 1;
			mainGroup = 29B97314FDCFA39411CA2CEA /* TiledLayer */;
			projectDirPath = "";
			projectRoot = "";
			targets = (
				8D1107260486CEB800E47090 /* TiledLayer */,
			);
		};
/* End PBXProject section */

/* Begin PBXResourcesBuildPhase section */
		8D1107290486CEB800E47090 /* Resources */ = {
			isa = PBXResourcesBuildPhase;
			buildActionMask = 2147483647;
			files = (
				8D11072B0486CEB800E47090 /* InfoPlist.strings in Resources */,
				1DDD58160DA1D0A300B32029 /* MainMenu.xib in Resources */,
				6EA21FDF0E0D36D300835B4F /* 0x0y.png in Resources */,
				6EA21FE00E0D36D300835B4F /* 0x1094y.png in Resources */,
				6EA21FE10E0D36D300835B4F /* 0x2188y.png in Resources */,
				6EA21FE20E0D36D300835B4F /* 0x3282y.png in Resources */,
				6EA21FE30E0D36D300835B4F /* 1527x0y.png in Resources */,
				6EA21FE40E0D36D300835B4F /* 1527x1094y.png in Resources */,
				6EA21FE50E0D36D300835B4F /* 1527x2188y.png in Resources */,
				6EA21FE60E0D36D300835B4F /* 1527x3282y.png in Resources */,
				6EA21FE70E0D36D300835B4F /* 3054x0y.png in Resources */,
				6EA21FE80E0D36D300835B4F /* 3054x1094y.png in Resources */,
				6EA21FE90E0D36D300835B4F /* 3054x2188y.png in Resources */,
				6EA21FEA0E0D36D300835B4F /* 3054x3282y.png in Resources */,
				6EA21FEB0E0D36D300835B4F /* 4581x0y.png in Resources */,
				6EA21FEC0E0D36D300835B4F /* 4581x1094y.png in Resources */,
				6EA21FED0E0D36D300835B4F /* 4581x2188y.png in Resources */,
				6EA21FEE0E0D36D300835B4F /* 4581x3282y.png in Resources */,
				6EA21FEF0E0D36D300835B4F /* 6108x0y.png in Resources */,
				6EA21FF00E0D36D300835B4F /* 6108x1094y.png in Resources */,
				6EA21FF10E0D36D300835B4F /* 6108x2188y.png in Resources */,
				6EA21FF20E0D36D300835B4F /* 6108x3282y.png in Resources */,
				6EA21FF30E0D36D300835B4F /* 7635x0y.png in Resources */,
				6EA21FF40E0D36D300835B4F /* 7635x1094y.png in Resources */,
				6EA21FF50E0D36D300835B4F /* 7635x2188y.png in Resources */,
				6EA21FF60E0D36D300835B4F /* 7635x3282y.png in Resources */,
			);
			runOnlyForDeploymentPostprocessing = 0;
		};
/* End PBXResourcesBuildPhase section */

/* Begin PBXSourcesBuildPhase section */
		8D11072C0486CEB800E47090 /* Sources */ = {
			isa = PBXSourcesBuildPhase;
			buildActionMask = 2147483647;
			files = (
				8D11072D0486CEB800E47090 /* main.m in Sources */,
				6E767E280DE1D19900C9F656 /* MyView.m in Sources */,
				6E767E7C0DE1E26000C9F656 /* TiledDelegate.m in Sources */,
			);
			runOnlyForDeploymentPostprocessing = 0;
		};
/* End PBXSourcesBuildPhase section */

/* Begin PBXVariantGroup section */
		089C165CFE840E0CC02AAC07 /* InfoPlist.strings */ = {
			isa = PBXVariantGroup;
			children = (
				089C165DFE840E0CC02AAC07 /* English */,
			);
			name = InfoPlist.strings;
			sourceTree = "<group>";
		};
		1DDD58140DA1D0A300B32029 /* MainMenu.xib */ = {
			isa = PBXVariantGroup;
			children = (
				1DDD58150DA1D0A300B32029 /* English */,
			);
			name = MainMenu.xib;
			sourceTree = "<group>";
		};
/* End PBXVariantGroup section */

/* Begin XCBuildConfiguration section */
		C01FCF4B08A954540054247B /* Debug */ = {
			isa = XCBuildConfiguration;
			buildSettings = {
				ALWAYS_SEARCH_USER_PATHS = NO;
				COPY_PHASE_STRIP = NO;
				GCC_DYNAMIC_NO_PIC = NO;
				GCC_ENABLE_FIX_AND_CONTINUE = YES;
				GCC_MODEL_TUNING = G5;
				GCC_OPTIMIZATION_LEVEL = 0;
				GCC_PRECOMPILE_PREFIX_HEADER = YES;
				GCC_PREFIX_HEADER = TiledLayer_Prefix.pch;
				INFOPLIST_FILE = Info.plist;
				INSTALL_PATH = "$(HOME)/Applications";
				PRODUCT_NAME = TiledLayer;
			};
			name = Debug;
		};
		C01FCF4C08A954540054247B /* Release */ = {
			isa = XCBuildConfiguration;
			buildSettings = {
				ALWAYS_SEARCH_USER_PATHS = NO;
				DEBUG_INFORMATION_FORMAT = "dwarf-with-dsym";
				GCC_MODEL_TUNING = G5;
				GCC_PRECOMPILE_PREFIX_HEADER = YES;
				GCC_PREFIX_HEADER = TiledLayer_Prefix.pch;
				INFOPLIST_FILE = Info.plist;
				INSTALL_PATH = "$(HOME)/Applications";
				PRODUCT_NAME = TiledLayer;
			};
			name = Release;
		};
		C01FCF4F08A954540054247B /* Debug */ = {
			isa = XCBuildConfiguration;
			buildSettings = {
				ARCHS = "$(ARCHS_STANDARD_32_BIT)";
				GCC_C_LANGUAGE_STANDARD = c99;
				GCC_OPTIMIZATION_LEVEL = 0;
				GCC_WARN_ABOUT_RETURN_TYPE = YES;
				GCC_WARN_UNUSED_VARIABLE = YES;
				ONLY_ACTIVE_ARCH = YES;
				PREBINDING = NO;
				SDKROOT = macosx10.5;
			};
			name = Debug;
		};
		C01FCF5008A954540054247B /* Release */ = {
			isa = XCBuildConfiguration;
			buildSettings = {
				ARCHS = "$(ARCHS_STANDARD_32_BIT)";
				GCC_C_LANGUAGE_STANDARD = c99;
				GCC_WARN_ABOUT_RETURN_TYPE = YES;
				GCC_WARN_UNUSED_VARIABLE = YES;
				PREBINDING = NO;
				SDKROOT = macosx10.5;
			};
			name = Release;
		};
/* End XCBuildConfiguration section */

/* Begin XCConfigurationList section */
		C01FCF4A08A954540054247B /* Build configuration list for PBXNativeTarget "TiledLayer" */ = {
			isa = XCConfigurationList;
			buildConfigurations = (
				C01FCF4B08A954540054247B /* Debug */,
				C01FCF4C08A954540054247B /* Release */,
			);
			defaultConfigurationIsVisible = 0;
			defaultConfigurationName = Release;
		};
		C01FCF4E08A954540054247B /* Build configuration list for PBXProject "TiledLayer" */ = {
			isa = XCConfigurationList;
			buildConfigurations = (
				C01FCF4F08A954540054247B /* Debug */,
				C01FCF5008A954540054247B /* Release */,
			);
			defaultConfigurationIsVisible = 0;
			defaultConfigurationName = Release;
		};
/* End XCConfigurationList section */
	};
	rootObject = 29B97313FDCFA39411CA2CEA /* Project object */;
}
